
Microsoft Visual Studio Solution File, Format Version 12.00
# Visual Studio Version 17
VisualStudioVersion = 17.9.34616.47
MinimumVisualStudioVersion = 10.0.40219.1
Project("{9A19103F-16F7-4668-BE54-9A1E7A4F7556}") = "Coffee-Store", "Coffee-Store\Coffee-Store.csproj", "{39B0AE3E-9FD1-4BE6-BF6F-867158D9D278}"
EndProject
Global
	GlobalSection(SolutionConfigurationPlatforms) = preSolution
		Debug|Any CPU = Debug|Any CPU
		Release|Any CPU = Release|Any CPU
	EndGlobalSection
	GlobalSection(ProjectConfigurationPlatforms) = postSolution
		{39B0AE3E-9FD1-4BE6-BF6F-867158D9D278}.Debug|Any CPU.ActiveCfg = Debug|Any CPU
		{39B0AE3E-9FD1-4BE6-BF6F-867158D9D278}.Debug|Any CPU.Build.0 = Debug|Any CPU
		{39B0AE3E-9FD1-4BE6-BF6F-867158D9D278}.Release|Any CPU.ActiveCfg = Release|Any CPU
		{39B0AE3E-9FD1-4BE6-BF6F-867158D9D278}.Release|Any CPU.Build.0 = Release|Any CPU
	EndGlobalSection
	GlobalSection(SolutionProperties) = preSolution
		HideSolutionNode = FALSE
	EndGlobalSection
	GlobalSection(ExtensibilityGlobals) = postSolution
		SolutionGuid = {1D6B49FD-176C-4F56-B577-5FBD921FD8EE}
	EndGlobalSection
EndGlobal
